{
  "lockfile-version": 1,
  "manifest": {
    "version": 1,
    "install": {
      "nodejs": {
        "pkg-path": "nodejs"
      },
      "ollama": {
        "pkg-path": "ollama"
      }
    },
    "hook": {
      "on-activate": "  # Autogenerated by Flox\n\n  # Install nodejs dependencies\n  npm install\n\n  # End autogenerated by Flox\n"
    },
    "profile": {},
    "options": {},
    "services": {
      "ollama": {
        "command": "./bin/ollama-service.sh start",
        "is-daemon": true,
        "shutdown": {
          "command": "./bin/ollama-service.sh stop"
        }
      }
    }
  },
  "packages": [
    {
      "attr_path": "nodejs",
      "broken": false,
      "derivation": "/nix/store/b3jin05mvigi75h9kzfms88kqaxnvw2v-nodejs-22.20.0.drv",
      "description": "Event-driven I/O framework for the V8 JavaScript engine",
      "install_id": "nodejs",
      "license": "MIT",
      "locked_url": "https://github.com/flox/nixpkgs?rev=b3d51a0365f6695e7dd5cdf3e180604530ed33b4",
      "name": "nodejs-22.20.0",
      "pname": "nodejs",
      "rev": "b3d51a0365f6695e7dd5cdf3e180604530ed33b4",
      "rev_count": 888552,
      "rev_date": "2025-11-02T19:18:41Z",
      "scrape_date": "2025-11-04T00:35:40.756020Z",
      "stabilities": [
        "unstable"
      ],
      "unfree": false,
      "version": "22.20.0",
      "outputs_to_install": [
        "out"
      ],
      "outputs": {
        "dev": "/nix/store/8ckn8ghxqbnd5z4c7ijsq7yps3ad1inj-nodejs-22.20.0-dev",
        "libv8": "/nix/store/nxjx4dsqfc55mzk7is53f7qsb1lsqq4j-nodejs-22.20.0-libv8",
        "out": "/nix/store/4whakvkkpcgbdzxl1y32vq7rb73k4faq-nodejs-22.20.0"
      },
      "system": "aarch64-darwin",
      "group": "toplevel",
      "priority": 5
    },
    {
      "attr_path": "nodejs",
      "broken": false,
      "derivation": "/nix/store/jah3x7rvz45pzy1z6qxvfq37pvx0j8lc-nodejs-22.20.0.drv",
      "description": "Event-driven I/O framework for the V8 JavaScript engine",
      "install_id": "nodejs",
      "license": "MIT",
      "locked_url": "https://github.com/flox/nixpkgs?rev=b3d51a0365f6695e7dd5cdf3e180604530ed33b4",
      "name": "nodejs-22.20.0",
      "pname": "nodejs",
      "rev": "b3d51a0365f6695e7dd5cdf3e180604530ed33b4",
      "rev_count": 888552,
      "rev_date": "2025-11-02T19:18:41Z",
      "scrape_date": "2025-11-05T16:29:35.648572Z",
      "stabilities": [
        "unstable"
      ],
      "unfree": false,
      "version": "22.20.0",
      "outputs_to_install": [
        "out"
      ],
      "outputs": {
        "dev": "/nix/store/0vkqirb963hm21wh13y3zd23dmlbfk61-nodejs-22.20.0-dev",
        "libv8": "/nix/store/8dijv5z9djsjckbp86vbm0jykwscbj53-nodejs-22.20.0-libv8",
        "out": "/nix/store/82qylyr9s3i07hwvab44cbi0w4dc74ix-nodejs-22.20.0"
      },
      "system": "aarch64-linux",
      "group": "toplevel",
      "priority": 5
    },
    {
      "attr_path": "nodejs",
      "broken": false,
      "derivation": "/nix/store/2knvyn9wmwnw1k9jpmkw4ggwhw08h6j2-nodejs-22.20.0.drv",
      "description": "Event-driven I/O framework for the V8 JavaScript engine",
      "install_id": "nodejs",
      "license": "MIT",
      "locked_url": "https://github.com/flox/nixpkgs?rev=b3d51a0365f6695e7dd5cdf3e180604530ed33b4",
      "name": "nodejs-22.20.0",
      "pname": "nodejs",
      "rev": "b3d51a0365f6695e7dd5cdf3e180604530ed33b4",
      "rev_count": 888552,
      "rev_date": "2025-11-02T19:18:41Z",
      "scrape_date": "2025-11-05T16:55:20.450224Z",
      "stabilities": [
        "unstable"
      ],
      "unfree": false,
      "version": "22.20.0",
      "outputs_to_install": [
        "out"
      ],
      "outputs": {
        "dev": "/nix/store/8087iiqh20y83h0pjrq7dz3c3drsk737-nodejs-22.20.0-dev",
        "libv8": "/nix/store/q3idpy9brlwa5zn45jfj48xhrhni7js6-nodejs-22.20.0-libv8",
        "out": "/nix/store/mh8lhrbhxnpxflx984l48c9hjwbpab8v-nodejs-22.20.0"
      },
      "system": "x86_64-darwin",
      "group": "toplevel",
      "priority": 5
    },
    {
      "attr_path": "nodejs",
      "broken": false,
      "derivation": "/nix/store/zhrr8c2lypbcb90gs113159pbzva0sah-nodejs-22.20.0.drv",
      "description": "Event-driven I/O framework for the V8 JavaScript engine",
      "install_id": "nodejs",
      "license": "MIT",
      "locked_url": "https://github.com/flox/nixpkgs?rev=b3d51a0365f6695e7dd5cdf3e180604530ed33b4",
      "name": "nodejs-22.20.0",
      "pname": "nodejs",
      "rev": "b3d51a0365f6695e7dd5cdf3e180604530ed33b4",
      "rev_count": 888552,
      "rev_date": "2025-11-02T19:18:41Z",
      "scrape_date": "2025-11-05T17:21:28.449262Z",
      "stabilities": [
        "unstable"
      ],
      "unfree": false,
      "version": "22.20.0",
      "outputs_to_install": [
        "out"
      ],
      "outputs": {
        "dev": "/nix/store/x62pydw9kpd88m4986kyc02q8x3ipp3j-nodejs-22.20.0-dev",
        "libv8": "/nix/store/hx91x0nj1h9jigh5sm08mvd4cas3aw48-nodejs-22.20.0-libv8",
        "out": "/nix/store/nvf9kaarb9kqqdbygl9cbzhli1y8yjik-nodejs-22.20.0"
      },
      "system": "x86_64-linux",
      "group": "toplevel",
      "priority": 5
    },
    {
      "attr_path": "ollama",
      "broken": false,
      "derivation": "/nix/store/dhgr2z66qpjv79ni5ghjz262nj45xyxy-ollama-0.12.6.drv",
      "description": "Get up and running with large language models locally",
      "install_id": "ollama",
      "license": "MIT",
      "locked_url": "https://github.com/flox/nixpkgs?rev=b3d51a0365f6695e7dd5cdf3e180604530ed33b4",
      "name": "ollama-0.12.6",
      "pname": "ollama",
      "rev": "b3d51a0365f6695e7dd5cdf3e180604530ed33b4",
      "rev_count": 888552,
      "rev_date": "2025-11-02T19:18:41Z",
      "scrape_date": "2025-11-04T00:35:43.090433Z",
      "stabilities": [
        "unstable"
      ],
      "unfree": false,
      "version": "0.12.6",
      "outputs_to_install": [
        "out"
      ],
      "outputs": {
        "out": "/nix/store/qmj8pj0xc62ch9km72i9yhzrkn677jsd-ollama-0.12.6"
      },
      "system": "aarch64-darwin",
      "group": "toplevel",
      "priority": 5
    },
    {
      "attr_path": "ollama",
      "broken": false,
      "derivation": "/nix/store/7y632l5ar1f90ydlsr39qq7x0c9qsmv7-ollama-0.12.6.drv",
      "description": "Get up and running with large language models locally",
      "install_id": "ollama",
      "license": "MIT",
      "locked_url": "https://github.com/flox/nixpkgs?rev=b3d51a0365f6695e7dd5cdf3e180604530ed33b4",
      "name": "ollama-0.12.6",
      "pname": "ollama",
      "rev": "b3d51a0365f6695e7dd5cdf3e180604530ed33b4",
      "rev_count": 888552,
      "rev_date": "2025-11-02T19:18:41Z",
      "scrape_date": "2025-11-05T16:29:39.317161Z",
      "stabilities": [
        "unstable"
      ],
      "unfree": false,
      "version": "0.12.6",
      "outputs_to_install": [
        "out"
      ],
      "outputs": {
        "out": "/nix/store/wyn31940qghf2dvmc2pzy9bfi2kiyr3v-ollama-0.12.6"
      },
      "system": "aarch64-linux",
      "group": "toplevel",
      "priority": 5
    },
    {
      "attr_path": "ollama",
      "broken": false,
      "derivation": "/nix/store/zmban09zf8riiwmyixi1k526yz1spsgp-ollama-0.12.6.drv",
      "description": "Get up and running with large language models locally",
      "install_id": "ollama",
      "license": "MIT",
      "locked_url": "https://github.com/flox/nixpkgs?rev=b3d51a0365f6695e7dd5cdf3e180604530ed33b4",
      "name": "ollama-0.12.6",
      "pname": "ollama",
      "rev": "b3d51a0365f6695e7dd5cdf3e180604530ed33b4",
      "rev_count": 888552,
      "rev_date": "2025-11-02T19:18:41Z",
      "scrape_date": "2025-11-05T16:55:22.781422Z",
      "stabilities": [
        "unstable"
      ],
      "unfree": false,
      "version": "0.12.6",
      "outputs_to_install": [
        "out"
      ],
      "outputs": {
        "out": "/nix/store/a0h583zbxl2kpzc1rnpjgxhw3d94khhc-ollama-0.12.6"
      },
      "system": "x86_64-darwin",
      "group": "toplevel",
      "priority": 5
    },
    {
      "attr_path": "ollama",
      "broken": false,
      "derivation": "/nix/store/3mmzg2p5wjmpxlx3mahkw1j9wbyz3qgm-ollama-0.12.6.drv",
      "description": "Get up and running with large language models locally",
      "install_id": "ollama",
      "license": "MIT",
      "locked_url": "https://github.com/flox/nixpkgs?rev=b3d51a0365f6695e7dd5cdf3e180604530ed33b4",
      "name": "ollama-0.12.6",
      "pname": "ollama",
      "rev": "b3d51a0365f6695e7dd5cdf3e180604530ed33b4",
      "rev_count": 888552,
      "rev_date": "2025-11-02T19:18:41Z",
      "scrape_date": "2025-11-05T17:21:32.583055Z",
      "stabilities": [
        "unstable"
      ],
      "unfree": false,
      "version": "0.12.6",
      "outputs_to_install": [
        "out"
      ],
      "outputs": {
        "out": "/nix/store/337mcln17pl85dv6wlj973785q4d1g3h-ollama-0.12.6"
      },
      "system": "x86_64-linux",
      "group": "toplevel",
      "priority": 5
    }
  ]
}
